// !$*UTF8*$!
{
	archiveVersion = 1;
	classes = {
	};
	objectVersion = 46;
	objects = {

/* Begin PBXBuildFile section */
		45560EA61E64E6D000125C82 /* AppDelegate.swift in Sources */ = {isa = PBXBuildFile; fileRef = 45560EA51E64E6D000125C82 /* AppDelegate.swift */; };
		45560EA81E64E6D000125C82 /* ViewController.swift in Sources */ = {isa = PBXBuildFile; fileRef = 45560EA71E64E6D000125C82 /* ViewController.swift */; };
		45560EAB1E64E6D000125C82 /* Main.storyboard in Resources */ = {isa = PBXBuildFile; fileRef = 45560EA91E64E6D000125C82 /* Main.storyboard */; };
		45560EAE1E64E6D000125C82 /* StJosemariaDaily.xcdatamodeld in Sources */ = {isa = PBXBuildFile; fileRef = 45560EAC1E64E6D000125C82 /* StJosemariaDaily.xcdatamodeld */; };
		45560EB01E64E6D000125C82 /* Assets.xcassets in Resources */ = {isa = PBXBuildFile; fileRef = 45560EAF1E64E6D000125C82 /* Assets.xcassets */; };
		45560EB31E64E6D000125C82 /* LaunchScreen.storyboard in Resources */ = {isa = PBXBuildFile; fileRef = 45560EB11E64E6D000125C82 /* LaunchScreen.storyboard */; };
		45560EBB1E6772B100125C82 /* sjd.txt in Resources */ = {isa = PBXBuildFile; fileRef = 45560EBA1E6772B100125C82 /* sjd.txt */; };
		458A3B3C1E85CC8400225CED /* quickaction_icon_love_2x.png in Resources */ = {isa = PBXBuildFile; fileRef = 458A3B391E85CC8400225CED /* quickaction_icon_love_2x.png */; };
		458A3B3D1E85CC8400225CED /* refresh_2x.png in Resources */ = {isa = PBXBuildFile; fileRef = 458A3B3A1E85CC8400225CED /* refresh_2x.png */; };
		458A3B401E85CF2300225CED /* quickaction_icon_share_2x.png in Resources */ = {isa = PBXBuildFile; fileRef = 458A3B3F1E85CF2300225CED /* quickaction_icon_share_2x.png */; };
		458A3B421E85DA1300225CED /* Info-50.png in Resources */ = {isa = PBXBuildFile; fileRef = 458A3B411E85DA1300225CED /* Info-50.png */; };
/* End PBXBuildFile section */

/* Begin PBXFileReference section */
		45560EA21E64E6D000125C82 /* StJosemariaDaily.app */ = {isa = PBXFileReference; explicitFileType = wrapper.application; includeInIndex = 0; path = StJosemariaDaily.app; sourceTree = BUILT_PRODUCTS_DIR; };
		45560EA51E64E6D000125C82 /* AppDelegate.swift */ = {isa = PBXFileReference; lastKnownFileType = sourcecode.swift; path = AppDelegate.swift; sourceTree = "<group>"; };
		45560EA71E64E6D000125C82 /* ViewController.swift */ = {isa = PBXFileReference; lastKnownFileType = sourcecode.swift; path = ViewController.swift; sourceTree = "<group>"; };
		45560EAA1E64E6D000125C82 /* Base */ = {isa = PBXFileReference; lastKnownFileType = file.storyboard; name = Base; path = Base.lproj/Main.storyboard; sourceTree = "<group>"; };
		45560EAD1E64E6D000125C82 /* StJosemariaDaily.xcdatamodel */ = {isa = PBXFileReference; lastKnownFileType = wrapper.xcdatamodel; path = StJosemariaDaily.xcdatamodel; sourceTree = "<group>"; };
		45560EAF1E64E6D000125C82 /* Assets.xcassets */ = {isa = PBXFileReference; lastKnownFileType = folder.assetcatalog; path = Assets.xcassets; sourceTree = "<group>"; };
		45560EB21E64E6D000125C82 /* Base */ = {isa = PBXFileReference; lastKnownFileType = file.storyboard; name = Base; path = Base.lproj/LaunchScreen.storyboard; sourceTree = "<group>"; };
		45560EB41E64E6D000125C82 /* Info.plist */ = {isa = PBXFileReference; lastKnownFileType = text.plist.xml; path = Info.plist; sourceTree = "<group>"; };
		45560EBA1E6772B100125C82 /* sjd.txt */ = {isa = PBXFileReference; fileEncoding = 4; lastKnownFileType = text; path = sjd.txt; sourceTree = "<group>"; };
		458A3B391E85CC8400225CED /* quickaction_icon_love_2x.png */ = {isa = PBXFileReference; lastKnownFileType = image.png; path = quickaction_icon_love_2x.png; sourceTree = "<group>"; };
		458A3B3A1E85CC8400225CED /* refresh_2x.png */ = {isa = PBXFileReference; lastKnownFileType = image.png; path = refresh_2x.png; sourceTree = "<group>"; };
		458A3B3F1E85CF2300225CED /* quickaction_icon_share_2x.png */ = {isa = PBXFileReference; lastKnownFileType = image.png; path = quickaction_icon_share_2x.png; sourceTree = "<group>"; };
		458A3B411E85DA1300225CED /* Info-50.png */ = {isa = PBXFileReference; lastKnownFileType = image.png; path = "Info-50.png"; sourceTree = "<group>"; };
/* End PBXFileReference section */

/* Begin PBXFrameworksBuildPhase section */
		45560E9F1E64E6D000125C82 /* Frameworks */ = {
			isa = PBXFrameworksBuildPhase;
			buildActionMask = 2147483647;
			files = (
			);
			runOnlyForDeploymentPostprocessing = 0;
		};
/* End PBXFrameworksBuildPhase section */

/* Begin PBXGroup section */
		45560E991E64E6D000125C82 = {
			isa = PBXGroup;
			children = (
				458A3B411E85DA1300225CED /* Info-50.png */,
				458A3B3F1E85CF2300225CED /* quickaction_icon_share_2x.png */,
				458A3B391E85CC8400225CED /* quickaction_icon_love_2x.png */,
				458A3B3A1E85CC8400225CED /* refresh_2x.png */,
				45560EA41E64E6D000125C82 /* StJosemariaDaily */,
				45560EA31E64E6D000125C82 /* Products */,
			);
			sourceTree = "<group>";
		};
		45560EA31E64E6D000125C82 /* Products */ = {
			isa = PBXGroup;
			children = (
				45560EA21E64E6D000125C82 /* StJosemariaDaily.app */,
			);
			name = Products;
			sourceTree = "<group>";
		};
		45560EA41E64E6D000125C82 /* StJosemariaDaily */ = {
			isa = PBXGroup;
			children = (
				45560EA51E64E6D000125C82 /* AppDelegate.swift */,
				45560EA71E64E6D000125C82 /* ViewController.swift */,
				45560EA91E64E6D000125C82 /* Main.storyboard */,
				45560EAF1E64E6D000125C82 /* Assets.xcassets */,
				45560EB11E64E6D000125C82 /* LaunchScreen.storyboard */,
				45560EB41E64E6D000125C82 /* Info.plist */,
				45560EAC1E64E6D000125C82 /* StJosemariaDaily.xcdatamodeld */,
				45560EBA1E6772B100125C82 /* sjd.txt */,
			);
			path = StJosemariaDaily;
			sourceTree = "<group>";
		};
/* End PBXGroup section */

/* Begin PBXNativeTarget section */
		45560EA11E64E6D000125C82 /* StJosemariaDaily */ = {
			isa = PBXNativeTarget;
			buildConfigurationList = 45560EB71E64E6D000125C82 /* Build configuration list for PBXNativeTarget "StJosemariaDaily" */;
			buildPhases = (
				45560E9E1E64E6D000125C82 /* Sources */,
				45560E9F1E64E6D000125C82 /* Frameworks */,
				45560EA01E64E6D000125C82 /* Resources */,
			);
			buildRules = (
			);
			dependencies = (
			);
			name = StJosemariaDaily;
			productName = StJosemariaDaily;
			productReference = 45560EA21E64E6D000125C82 /* StJosemariaDaily.app */;
			productType = "com.apple.product-type.application";
		};
/* End PBXNativeTarget section */

/* Begin PBXProject section */
		45560E9A1E64E6D000125C82 /* Project object */ = {
			isa = PBXProject;
			attributes = {
				LastSwiftUpdateCheck = 0800;
				LastUpgradeCheck = 0820;
				ORGANIZATIONNAME = "Kurt Espinosa";
				TargetAttributes = {
					45560EA11E64E6D000125C82 = {
						CreatedOnToolsVersion = 8.0;
						DevelopmentTeam = U2S8UYC43S;
						ProvisioningStyle = Automatic;
					};
				};
			};
			buildConfigurationList = 45560E9D1E64E6D000125C82 /* Build configuration list for PBXProject "StJosemariaDaily" */;
			compatibilityVersion = "Xcode 3.2";
			developmentRegion = English;
			hasScannedForEncodings = 0;
			knownRegions = (
				en,
				Base,
			);
			mainGroup = 45560E991E64E6D000125C82;
			productRefGroup = 45560EA31E64E6D000125C82 /* Products */;
			projectDirPath = "";
			projectRoot = "";
			targets = (
				45560EA11E64E6D000125C82 /* StJosemariaDaily */,
			);
		};
/* End PBXProject section */

/* Begin PBXResourcesBuildPhase section */
		45560EA01E64E6D000125C82 /* Resources */ = {
			isa = PBXResourcesBuildPhase;
			buildActionMask = 2147483647;
			files = (
				45560EB31E64E6D000125C82 /* LaunchScreen.storyboard in Resources */,
				458A3B3D1E85CC8400225CED /* refresh_2x.png in Resources */,
				45560EB01E64E6D000125C82 /* Assets.xcassets in Resources */,
				458A3B401E85CF2300225CED /* quickaction_icon_share_2x.png in Resources */,
				458A3B421E85DA1300225CED /* Info-50.png in Resources */,
				45560EBB1E6772B100125C82 /* sjd.txt in Resources */,
				45560EAB1E64E6D000125C82 /* Main.storyboard in Resources */,
				458A3B3C1E85CC8400225CED /* quickaction_icon_love_2x.png in Resources */,
			);
			runOnlyForDeploymentPostprocessing = 0;
		};
/* End PBXResourcesBuildPhase section */

/* Begin PBXSourcesBuildPhase section */
		45560E9E1E64E6D000125C82 /* Sources */ = {
			isa = PBXSourcesBuildPhase;
			buildActionMask = 2147483647;
			files = (
				45560EAE1E64E6D000125C82 /* StJosemariaDaily.xcdatamodeld in Sources */,
				45560EA81E64E6D000125C82 /* ViewController.swift in Sources */,
				45560EA61E64E6D000125C82 /* AppDelegate.swift in Sources */,
			);
			runOnlyForDeploymentPostprocessing = 0;
		};
/* End PBXSourcesBuildPhase section */

/* Begin PBXVariantGroup section */
		45560EA91E64E6D000125C82 /* Main.storyboard */ = {
			isa = PBXVariantGroup;
			children = (
				45560EAA1E64E6D000125C82 /* Base */,
			);
			name = Main.storyboard;
			sourceTree = "<group>";
		};
		45560EB11E64E6D000125C82 /* LaunchScreen.storyboard */ = {
			isa = PBXVariantGroup;
			children = (
				45560EB21E64E6D000125C82 /* Base */,
			);
			name = LaunchScreen.storyboard;
			sourceTree = "<group>";
		};
/* End PBXVariantGroup section */

/* Begin XCBuildConfiguration section */
		45560EB51E64E6D000125C82 /* Debug */ = {
			isa = XCBuildConfiguration;
			buildSettings = {
				ALWAYS_SEARCH_USER_PATHS = NO;
				CLANG_ANALYZER_NONNULL = YES;
				CLANG_CXX_LANGUAGE_STANDARD = "gnu++0x";
				CLANG_CXX_LIBRARY = "libc++";
				CLANG_ENABLE_MODULES = YES;
				CLANG_ENABLE_OBJC_ARC = YES;
				CLANG_WARN_BOOL_CONVERSION = YES;
				CLANG_WARN_CONSTANT_CONVERSION = YES;
				CLANG_WARN_DIRECT_OBJC_ISA_USAGE = YES_ERROR;
				CLANG_WARN_DOCUMENTATION_COMMENTS = YES;
				CLANG_WARN_EMPTY_BODY = YES;
				CLANG_WARN_ENUM_CONVERSION = YES;
				CLANG_WARN_INFINITE_RECURSION = YES;
				CLANG_WARN_INT_CONVERSION = YES;
				CLANG_WARN_OBJC_ROOT_CLASS = YES_ERROR;
				CLANG_WARN_SUSPICIOUS_MOVE = YES;
				CLANG_WARN_SUSPICIOUS_MOVES = YES;
				CLANG_WARN_UNREACHABLE_CODE = YES;
				CLANG_WARN__DUPLICATE_METHOD_MATCH = YES;
				"CODE_SIGN_IDENTITY[sdk=iphoneos*]" = "iPhone Developer";
				COPY_PHASE_STRIP = NO;
				DEBUG_INFORMATION_FORMAT = dwarf;
				ENABLE_STRICT_OBJC_MSGSEND = YES;
				ENABLE_TESTABILITY = YES;
				GCC_C_LANGUAGE_STANDARD = gnu99;
				GCC_DYNAMIC_NO_PIC = NO;
				GCC_NO_COMMON_BLOCKS = YES;
				GCC_OPTIMIZATION_LEVEL = 0;
				GCC_PREPROCESSOR_DEFINITIONS = (
					"DEBUG=1",
					"$(inherited)",
				);
				GCC_WARN_64_TO_32_BIT_CONVERSION = YES;
				GCC_WARN_ABOUT_RETURN_TYPE = YES_ERROR;
				GCC_WARN_UNDECLARED_SELECTOR = YES;
				GCC_WARN_UNINITIALIZED_AUTOS = YES_AGGRESSIVE;
				GCC_WARN_UNUSED_FUNCTION = YES;
				GCC_WARN_UNUSED_VARIABLE = YES;
				IPHONEOS_DEPLOYMENT_TARGET = 10.0;
				MTL_ENABLE_DEBUG_INFO = YES;
				ONLY_ACTIVE_ARCH = YES;
				PRODUCT_NAME = inspireme;
				SDKROOT = iphoneos;
				SWIFT_ACTIVE_COMPILATION_CONDITIONS = DEBUG;
				SWIFT_OPTIMIZATION_LEVEL = "-Onone";
				TARGETED_DEVICE_FAMILY = "1,2";
			};
			name = Debug;
		};
		45560EB61E64E6D000125C82 /* Release */ = {
			isa = XCBuildConfiguration;
			buildSettings = {
				ALWAYS_SEARCH_USER_PATHS = NO;
				CLANG_ANALYZER_NONNULL = YES;
				CLANG_CXX_LANGUAGE_STANDARD = "gnu++0x";
				CLANG_CXX_LIBRARY = "libc++";
				CLANG_ENABLE_MODULES = YES;
				CLANG_ENABLE_OBJC_ARC = YES;
				CLANG_WARN_BOOL_CONVERSION = YES;
				CLANG_WARN_CONSTANT_CONVERSION = YES;
				CLANG_WARN_DIRECT_OBJC_ISA_USAGE = YES_ERROR;
				CLANG_WARN_DOCUMENTATION_COMMENTS = YES;
				CLANG_WARN_EMPTY_BODY = YES;
				CLANG_WARN_ENUM_CONVERSION = YES;
				CLANG_WARN_INFINITE_RECURSION = YES;
				CLANG_WARN_INT_CONVERSION = YES;
				CLANG_WARN_OBJC_ROOT_CLASS = YES_ERROR;
				CLANG_WARN_SUSPICIOUS_MOVE = YES;
				CLANG_WARN_SUSPICIOUS_MOVES = YES;
				CLANG_WARN_UNREACHABLE_CODE = YES;
				CLANG_WARN__DUPLICATE_METHOD_MATCH = YES;
				"CODE_SIGN_IDENTITY[sdk=iphoneos*]" = "iPhone Developer";
				COPY_PHASE_STRIP = NO;
				DEBUG_INFORMATION_FORMAT = "dwarf-with-dsym";
				ENABLE_NS_ASSERTIONS = NO;
				ENABLE_STRICT_OBJC_MSGSEND = YES;
				GCC_C_LANGUAGE_STANDARD = gnu99;
				GCC_NO_COMMON_BLOCKS = YES;
				GCC_WARN_64_TO_32_BIT_CONVERSION = YES;
				GCC_WARN_ABOUT_RETURN_TYPE = YES_ERROR;
				GCC_WARN_UNDECLARED_SELECTOR = YES;
				GCC_WARN_UNINITIALIZED_AUTOS = YES_AGGRESSIVE;
				GCC_WARN_UNUSED_FUNCTION = YES;
				GCC_WARN_UNUSED_VARIABLE = YES;
				IPHONEOS_DEPLOYMENT_TARGET = 10.0;
				MTL_ENABLE_DEBUG_INFO = NO;
				PRODUCT_NAME = inspireme;
				SDKROOT = iphoneos;
				SWIFT_OPTIMIZATION_LEVEL = "-Owholemodule";
				TARGETED_DEVICE_FAMILY = "1,2";
				VALIDATE_PRODUCT = YES;
			};
			name = Release;
		};
		45560EB81E64E6D000125C82 /* Debug */ = {
			isa = XCBuildConfiguration;
			buildSettings = {
				ASSETCATALOG_COMPILER_APPICON_NAME = AppIcon;
				DEVELOPMENT_TEAM = U2S8UYC43S;
				INFOPLIST_FILE = StJosemariaDaily/Info.plist;
				LD_RUNPATH_SEARCH_PATHS = "$(inherited) @executable_path/Frameworks";
				PRODUCT_BUNDLE_IDENTIFIER = com.dev.StJosemariaDaily;
				PRODUCT_NAME = "$(TARGET_NAME)";
				SWIFT_VERSION = 3.0;
			};
			name = Debug;
		};
		45560EB91E64E6D000125C82 /* Release */ = {
			isa = XCBuildConfiguration;
			buildSettings = {
				ASSETCATALOG_COMPILER_APPICON_NAME = AppIcon;
				DEVELOPMENT_TEAM = U2S8UYC43S;
				INFOPLIST_FILE = StJosemariaDaily/Info.plist;
				LD_RUNPATH_SEARCH_PATHS = "$(inherited) @executable_path/Frameworks";
				PRODUCT_BUNDLE_IDENTIFIER = com.dev.StJosemariaDaily;
				PRODUCT_NAME = "$(TARGET_NAME)";
				SWIFT_VERSION = 3.0;
			};
			name = Release;
		};
/* End XCBuildConfiguration section */

/* Begin XCConfigurationList section */
		45560E9D1E64E6D000125C82 /* Build configuration list for PBXProject "StJosemariaDaily" */ = {
			isa = XCConfigurationList;
			buildConfigurations = (
				45560EB51E64E6D000125C82 /* Debug */,
				45560EB61E64E6D000125C82 /* Release */,
			);
			defaultConfigurationIsVisible = 0;
			defaultConfigurationName = Release;
		};
		45560EB71E64E6D000125C82 /* Build configuration list for PBXNativeTarget "StJosemariaDaily" */ = {
			isa = XCConfigurationList;
			buildConfigurations = (
				45560EB81E64E6D000125C82 /* Debug */,
				45560EB91E64E6D000125C82 /* Release */,
			);
			defaultConfigurationIsVisible = 0;
			defaultConfigurationName = Release;
		};
/* End XCConfigurationList section */

/* Begin XCVersionGroup section */
		45560EAC1E64E6D000125C82 /* StJosemariaDaily.xcdatamodeld */ = {
			isa = XCVersionGroup;
			children = (
				45560EAD1E64E6D000125C82 /* StJosemariaDaily.xcdatamodel */,
			);
			currentVersion = 45560EAD1E64E6D000125C82 /* StJosemariaDaily.xcdatamodel */;
			path = StJosemariaDaily.xcdatamodeld;
			sourceTree = "<group>";
			versionGroupType = wrapper.xcdatamodel;
		};
/* End XCVersionGroup section */
	};
	rootObject = 45560E9A1E64E6D000125C82 /* Project object */;
}
